github.com/bluele/gcache v0.0.0-20171010155617-472614239ac7/go.mod h1:8c4/i2VlovMO2gBnHGQPN5EJw+H0lx1u/5p+cgsXtCk=
github.com/davecgh/go-spew v1.1.1/go.mod h1:J7Y8YcW2NihsgmVo/mv3lAwl/skON4iLHjSsI+c5H38=
github.com/finkf/logger v0.3.2/go.mod h1:i+Ddxrn8mKAmDxbJhSl2A69Hr7ZJ44PfFRyxSGLV6TA=
github.com/finkf/pcwgo/api v0.0.0-20181109092506-5e70bf8433f7 h1:g4Y1Apa22D6HItV8t8fZn/lvf1Ul1E9gXZSIOlARUxY=
github.com/finkf/pcwgo/api v0.0.0-20181109092506-5e70bf8433f7/go.mod h1:7nyhqUKAPOca4KcWt+UztnyZET7l+kbpdQb3GXML72g=
github.com/finkf/pcwgo/api v0.0.0-20181113090614-352d0f1d7d92 h1:485W/weQtRpmSqSVZA5LJ7zbIGiEqpMv9qutCfUQbQg=
github.com/finkf/pcwgo/api v0.0.0-20181113090614-352d0f1d7d92/go.mod h1:jvV70JFvBAeDLlGHIeqbXBDIVVmJa4wXt5XvLnQQk/I=
github.com/finkf/pcwgo/database v0.0.0-20181108095749-32599b07b19e/go.mod h1:cwNNqsd0kM3jUgocASOVOV/2tOSxYRxCHm6kVk8Ilc0=
github.com/finkf/pcwgo/database v0.0.0-20181109092413-d7f3ed06f2d4/go.mod h1:OJ4e8mLPCzQgE0Kxm4i3awzthDfztKzCoShhilxKNag=
github.com/finkf/pcwgo/database v0.0.0-20181109092506-5e70bf8433f7 h1:cAN6lQA18bmQshVFiWiwnOA75MdovV0v+H/n5sKMssA=
github.com/finkf/pcwgo/database v0.0.0-20181109092506-5e70bf8433f7/go.mod h1:OJ4e8mLPCzQgE0Kxm4i3awzthDfztKzCoShhilxKNag=
github.com/finkf/pcwgo/database v0.0.0-20181113090614-352d0f1d7d92 h1:VhDmPs9CkUQnxyX2HDaESsWqqWTmfrePFMuOaU+KiBs=
github.com/finkf/pcwgo/database v0.0.0-20181113090614-352d0f1d7d92/go.mod h1:OJ4e8mLPCzQgE0Kxm4i3awzthDfztKzCoShhilxKNag=
github.com/finkf/pcwgo/database/project v0.0.0-20181109092506-5e70bf8433f7 h1:ptvy3PvPvGWCXREVsNC4BsfGAi6IdwymOPq5QDvUqBI=
github.com/finkf/pcwgo/database/project v0.0.0-20181109092506-5e70bf8433f7/go.mod h1:LlLuFs/nigtBVtfWM47ouSCPLbVX0P75gx3FJQgVUFY=
github.com/finkf/pcwgo/database/project v0.0.0-20181113090614-352d0f1d7d92 h1:U2kAVBTV6ibKHDFzRcCBHaZpSJoZ6cA2JxBOO/OaOaI=
github.com/finkf/pcwgo/database/project v0.0.0-20181113090614-352d0f1d7d92/go.mod h1:LlLuFs/nigtBVtfWM47ouSCPLbVX0P75gx3FJQgVUFY=
github.com/finkf/pcwgo/database/session v0.0.0-20181109092506-5e70bf8433f7 h1:HxZUn9O77Ts/6jBnZMGoHN5zBfuRCGplDZLVM2j14/U=
github.com/finkf/pcwgo/database/session v0.0.0-20181109092506-5e70bf8433f7/go.mod h1:y/MwlYKDkqCBL+O3dphAifngF1RrZWnK9YA6d03wH/M=
github.com/finkf/pcwgo/database/session v0.0.0-20181113090614-352d0f1d7d92 h1:1TIx+DVFNi2GIZ09jRyhvIR0ec/kT0/iiK6JtMrTk70=
github.com/finkf/pcwgo/database/session v0.0.0-20181113090614-352d0f1d7d92/go.mod h1:y/MwlYKDkqCBL+O3dphAifngF1RrZWnK9YA6d03wH/M=
github.com/finkf/pcwgo/database/sqlite v0.0.0-20181108095749-32599b07b19e/go.mod h1:EGzDqa8mydjlnCaiCUehpMrVhMuPi7jDW7lI1A1NtBA=
github.com/finkf/pcwgo/database/sqlite v0.0.0-20181109092413-d7f3ed06f2d4 h1:iCqjrJQpmKbR0txn1+RbHkTgXg2pHUXejoLy7OhBujg=
github.com/finkf/pcwgo/database/sqlite v0.0.0-20181109092413-d7f3ed06f2d4/go.mod h1:EGzDqa8mydjlnCaiCUehpMrVhMuPi7jDW7lI1A1NtBA=
github.com/finkf/pcwgo/database/sqlite v0.0.0-20181113090614-352d0f1d7d92/go.mod h1:EGzDqa8mydjlnCaiCUehpMrVhMuPi7jDW7lI1A1NtBA=
github.com/finkf/pcwgo/database/user v0.0.0-20181109092413-d7f3ed06f2d4/go.mod h1:S1Y60dvmdK7tMOoiZUehPodkk9iwwQIJ0Fy7+HEsa24=
github.com/finkf/pcwgo/database/user v0.0.0-20181109092506-5e70bf8433f7 h1:uBOYsZI/KvQEsSHfsfd28NYE3Mprktgv5ANSuu2hfEE=
github.com/finkf/pcwgo/database/user v0.0.0-20181109092506-5e70bf8433f7/go.mod h1:S1Y60dvmdK7tMOoiZUehPodkk9iwwQIJ0Fy7+HEsa24=
github.com/finkf/pcwgo/database/user v0.0.0-20181113090614-352d0f1d7d92 h1:Y0wiLSiFh4WSM+tlSAJQB7dZvYw0+nkLXdT1zqMgKPE=
github.com/finkf/pcwgo/database/user v0.0.0-20181113090614-352d0f1d7d92/go.mod h1:S1Y60dvmdK7tMOoiZUehPodkk9iwwQIJ0Fy7+HEsa24=
github.com/go-sql-driver/mysql v1.4.0/go.mod h1:zAC/RDZ24gD3HViQzih4MyKcchzm+sOG5ZlKdlhCg5w=
github.com/golang/protobuf v1.2.0/go.mod h1:6lQm79b+lXiMfvg/cZm0SGofjICqVBUtrP5yJMmIC1U=
github.com/konsorten/go-windows-terminal-sequences v1.0.1 h1:mweAR1A6xJ3oS2pRaGiHgQ4OO8tzTaLawm8vnODuwDk=
github.com/konsorten/go-windows-terminal-sequences v1.0.1/go.mod h1:T0+1ngSBFLxvqU3pZ+m/2kptfBszLMUkC4ZK/EgS/cQ=
github.com/pmezard/go-difflib v1.0.0/go.mod h1:iKH77koFhYxTK1pcRnkKkqfTogsbg7gZNVY4sRDYZ/4=
github.com/sirupsen/logrus v1.2.0/go.mod h1:LxeOpSwHxABJmUn/MG1IvRgCAasNZTLOkJPxbbu5VWo=
github.com/stretchr/objx v0.1.1/go.mod h1:HFkY916IF+rwdDfMAkV7OtwuqBVzrE8GR6GFx+wExME=
github.com/stretchr/testify v1.2.2/go.mod h1:a8OnRcib4nhh0OaRAV+Yts87kKdq0PP7pXfy6kDkUVs=
golang.org/x/crypto v0.0.0-20180904163835-0709b304e793/go.mod h1:6SG95UA2DQfeDnfUPMdvaQW0Q7yPrPDi9nlGo2tz2b4=
golang.org/x/crypto v0.0.0-20181106171534-e4dc69e5b2fd/go.mod h1:6SG95UA2DQfeDnfUPMdvaQW0Q7yPrPDi9nlGo2tz2b4=
golang.org/x/crypto v0.0.0-20181112202954-3d3f9f413869 h1:kkXA53yGe04D0adEYJwEVQjeBppL01Exg+fnMjfUraU=
golang.org/x/crypto v0.0.0-20181112202954-3d3f9f413869/go.mod h1:6SG95UA2DQfeDnfUPMdvaQW0Q7yPrPDi9nlGo2tz2b4=
golang.org/x/net v0.0.0-20180724234803-3673e40ba225/go.mod h1:mL1N/T3taQHkDXs73rZJwtUhF3w3ftmwwsq0BUmARs4=
golang.org/x/net v0.0.0-20181108082009-03003ca0c849/go.mod h1:mL1N/T3taQHkDXs73rZJwtUhF3w3ftmwwsq0BUmARs4=
golang.org/x/sys v0.0.0-20180905080454-ebe1bf3edb33/go.mod h1:STP8DvDyc/dI5b8T5hshtkjS+E42TnysNCUPdjciGhY=
golang.org/x/sys v0.0.0-20181107165924-66b7b1311ac8 h1:YoY1wS6JYVRpIfFngRf2HHo9R9dAne3xbkGOQ5rJXjU=
golang.org/x/sys v0.0.0-20181107165924-66b7b1311ac8/go.mod h1:STP8DvDyc/dI5b8T5hshtkjS+E42TnysNCUPdjciGhY=
golang.org/x/text v0.3.0/go.mod h1:NqM8EUOU14njkJ3fqMW+pc6Ldnwhi/IjpwHt7yyuwOQ=
google.golang.org/appengine v1.3.0 h1:FBSsiFRMz3LBeXIomRnVzrQwSDj4ibvcRexLG0LZGQk=
google.golang.org/appengine v1.3.0/go.mod h1:xpcJRLb0r/rnEns0DIKYYv+WjYCduHsrkT7/EB5XEv4=
rsc.io/sqlite v0.0.0-20151027002647-c7a7bd4dbacb h1:MjPJB3CPzDABnyEgV3L8sINfsihcGbAyuL90NyqDiDE=
rsc.io/sqlite v0.0.0-20151027002647-c7a7bd4dbacb/go.mod h1:fqHuveM9iIqMzjD0WiZIvKYMty/WqTo2bxE9+zC54WE=
